
Microsoft Visual Studio Solution File, Format Version 12.00
# Visual Studio Version 17
VisualStudioVersion = 17.4.32804.182
MinimumVisualStudioVersion = 10.0.40219.1
Project("{FAE04EC0-301F-11D3-BF4B-00C04F79EFBC}") = "Larokha", "Larokha\Larokha.csproj", "{D82E0526-8F68-4342-9FD8-81922DAABD78}"
EndProject
Global
	GlobalSection(SolutionConfigurationPlatforms) = preSolution
		Debug|Any CPU = Debug|Any CPU
		Release|Any CPU = Release|Any CPU
	EndGlobalSection
	GlobalSection(ProjectConfigurationPlatforms) = postSolution
		{D82E0526-8F68-4342-9FD8-81922DAABD78}.Debug|Any CPU.ActiveCfg = Debug|Any CPU
		{D82E0526-8F68-4342-9FD8-81922DAABD78}.Debug|Any CPU.Build.0 = Debug|Any CPU
		{D82E0526-8F68-4342-9FD8-81922DAABD78}.Release|Any CPU.ActiveCfg = Release|Any CPU
		{D82E0526-8F68-4342-9FD8-81922DAABD78}.Release|Any CPU.Build.0 = Release|Any CPU
	EndGlobalSection
	GlobalSection(SolutionProperties) = preSolution
		HideSolutionNode = FALSE
	EndGlobalSection
	GlobalSection(ExtensibilityGlobals) = postSolution
		SolutionGuid = {3B7192DA-3745-4B34-AC2B-C4C49D9EE37F}
	EndGlobalSection
EndGlobal
